
Microsoft Visual Studio Solution File, Format Version 12.00
# Visual Studio Version 16
VisualStudioVersion = 16.0.31613.86
MinimumVisualStudioVersion = 10.0.40219.1
Project("{FAE04EC0-301F-11D3-BF4B-00C04F79EFBC}") = "Lab2_Ex2", "Lab2_Ex2\Lab2_Ex2.csproj", "{6C286098-9C9C-4B7A-9C87-86A6805BA9D4}"
EndProject
Global
	GlobalSection(SolutionConfigurationPlatforms) = preSolution
		Debug|Any CPU = Debug|Any CPU
		Release|Any CPU = Release|Any CPU
	EndGlobalSection
	GlobalSection(ProjectConfigurationPlatforms) = postSolution
		{6C286098-9C9C-4B7A-9C87-86A6805BA9D4}.Debug|Any CPU.ActiveCfg = Debug|Any CPU
		{6C286098-9C9C-4B7A-9C87-86A6805BA9D4}.Debug|Any CPU.Build.0 = Debug|Any CPU
		{6C286098-9C9C-4B7A-9C87-86A6805BA9D4}.Release|Any CPU.ActiveCfg = Release|Any CPU
		{6C286098-9C9C-4B7A-9C87-86A6805BA9D4}.Release|Any CPU.Build.0 = Release|Any CPU
	EndGlobalSection
	GlobalSection(SolutionProperties) = preSolution
		HideSolutionNode = FALSE
	EndGlobalSection
	GlobalSection(ExtensibilityGlobals) = postSolution
		SolutionGuid = {452D14FA-E639-434D-AB89-2C5B382B7111}
	EndGlobalSection
EndGlobal
