
Microsoft Visual Studio Solution File, Format Version 12.00
# Visual Studio Version 16
VisualStudioVersion = 16.0.31613.86
MinimumVisualStudioVersion = 10.0.40219.1
Project("{FAE04EC0-301F-11D3-BF4B-00C04F79EFBC}") = "Lab09_Entity_Framework", "Lab09_Entity_Framework\Lab09_Entity_Framework.csproj", "{805F6A30-978F-4D93-BAD9-67AB388D7957}"
EndProject
Global
	GlobalSection(SolutionConfigurationPlatforms) = preSolution
		Debug|Any CPU = Debug|Any CPU
		Release|Any CPU = Release|Any CPU
	EndGlobalSection
	GlobalSection(ProjectConfigurationPlatforms) = postSolution
		{805F6A30-978F-4D93-BAD9-67AB388D7957}.Debug|Any CPU.ActiveCfg = Debug|Any CPU
		{805F6A30-978F-4D93-BAD9-67AB388D7957}.Debug|Any CPU.Build.0 = Debug|Any CPU
		{805F6A30-978F-4D93-BAD9-67AB388D7957}.Release|Any CPU.ActiveCfg = Release|Any CPU
		{805F6A30-978F-4D93-BAD9-67AB388D7957}.Release|Any CPU.Build.0 = Release|Any CPU
	EndGlobalSection
	GlobalSection(SolutionProperties) = preSolution
		HideSolutionNode = FALSE
	EndGlobalSection
	GlobalSection(ExtensibilityGlobals) = postSolution
		SolutionGuid = {42906862-29C1-492C-BA20-742B797F7DD5}
	EndGlobalSection
EndGlobal
